
Microsoft Visual Studio Solution File, Format Version 12.00
# Visual Studio Version 17
VisualStudioVersion = 17.3.32929.385
MinimumVisualStudioVersion = 10.0.40219.1
Project("{8BC9CEB8-8B4A-11D0-8D11-00A0C91BC942}") = "server", "server\server.vcxproj", "{7B4C2005-8C4A-4905-A7FC-B753E76E1D39}"
EndProject
Project("{8BC9CEB8-8B4A-11D0-8D11-00A0C91BC942}") = "client", "client\client.vcxproj", "{C49DB858-D61D-4419-A19F-7D045700759A}"
EndProject
Project("{2150E333-8FDC-42A3-9474-1A3956D46DE8}") = "common", "common", "{2B6823EB-B770-4CFD-9F96-2D215A0AEB5C}"
	ProjectSection(SolutionItems) = preProject
		common\common.h = common\common.h
		common\uid-manager.cpp = common\uid-manager.cpp
		common\uid-manager.h = common\uid-manager.h
		common\uid-pool.h = common\uid-pool.h
	EndProjectSection
EndProject
Project("{2150E333-8FDC-42A3-9474-1A3956D46DE8}") = "protocpp", "protocpp", "{C270AA8E-A6FE-49A4-A296-0E52AEFB2C26}"
	ProjectSection(SolutionItems) = preProject
		common\protocpp\uid-manager.grpc.pb.cc = common\protocpp\uid-manager.grpc.pb.cc
		common\protocpp\uid-manager.grpc.pb.h = common\protocpp\uid-manager.grpc.pb.h
		common\protocpp\uid-manager.pb.cc = common\protocpp\uid-manager.pb.cc
		common\protocpp\uid-manager.pb.h = common\protocpp\uid-manager.pb.h
	EndProjectSection
EndProject
Global
	GlobalSection(SolutionConfigurationPlatforms) = preSolution
		Debug|x64 = Debug|x64
		Debug|x86 = Debug|x86
		Release|x64 = Release|x64
		Release|x86 = Release|x86
	EndGlobalSection
	GlobalSection(ProjectConfigurationPlatforms) = postSolution
		{7B4C2005-8C4A-4905-A7FC-B753E76E1D39}.Debug|x64.ActiveCfg = Debug|x64
		{7B4C2005-8C4A-4905-A7FC-B753E76E1D39}.Debug|x64.Build.0 = Debug|x64
		{7B4C2005-8C4A-4905-A7FC-B753E76E1D39}.Debug|x86.ActiveCfg = Debug|Win32
		{7B4C2005-8C4A-4905-A7FC-B753E76E1D39}.Debug|x86.Build.0 = Debug|Win32
		{7B4C2005-8C4A-4905-A7FC-B753E76E1D39}.Release|x64.ActiveCfg = Release|x64
		{7B4C2005-8C4A-4905-A7FC-B753E76E1D39}.Release|x64.Build.0 = Release|x64
		{7B4C2005-8C4A-4905-A7FC-B753E76E1D39}.Release|x86.ActiveCfg = Release|Win32
		{7B4C2005-8C4A-4905-A7FC-B753E76E1D39}.Release|x86.Build.0 = Release|Win32
		{C49DB858-D61D-4419-A19F-7D045700759A}.Debug|x64.ActiveCfg = Debug|x64
		{C49DB858-D61D-4419-A19F-7D045700759A}.Debug|x64.Build.0 = Debug|x64
		{C49DB858-D61D-4419-A19F-7D045700759A}.Debug|x86.ActiveCfg = Debug|Win32
		{C49DB858-D61D-4419-A19F-7D045700759A}.Debug|x86.Build.0 = Debug|Win32
		{C49DB858-D61D-4419-A19F-7D045700759A}.Release|x64.ActiveCfg = Release|x64
		{C49DB858-D61D-4419-A19F-7D045700759A}.Release|x64.Build.0 = Release|x64
		{C49DB858-D61D-4419-A19F-7D045700759A}.Release|x86.ActiveCfg = Release|Win32
		{C49DB858-D61D-4419-A19F-7D045700759A}.Release|x86.Build.0 = Release|Win32
	EndGlobalSection
	GlobalSection(SolutionProperties) = preSolution
		HideSolutionNode = FALSE
	EndGlobalSection
	GlobalSection(NestedProjects) = preSolution
		{C270AA8E-A6FE-49A4-A296-0E52AEFB2C26} = {2B6823EB-B770-4CFD-9F96-2D215A0AEB5C}
	EndGlobalSection
	GlobalSection(ExtensibilityGlobals) = postSolution
		SolutionGuid = {12C86C74-2CA7-4443-BA8E-27006291B15C}
	EndGlobalSection
EndGlobal
