<?xml version="1.0" encoding="utf-8"?>
<Project ToolsVersion="4.0" xmlns="http://schemas.microsoft.com/developer/msbuild/2003">
  <ItemGroup>
    <Filter Include="Src">
      <UniqueIdentifier>{3c384a54-4cb8-440e-9fc4-dea716ccada8}</UniqueIdentifier>
    </Filter>
    <Filter Include="Src\Proto">
      <UniqueIdentifier>{073c6571-c5f1-433d-a922-bcb7b5c9209f}</UniqueIdentifier>
    </Filter>
  </ItemGroup>
  <ItemGroup>
    <ClCompile Include="Src\client.cpp">
      <Filter>Src</Filter>
    </ClCompile>
    <ClCompile Include="Src\Proto\quick-start.grpc.pb.cc">
      <Filter>Src\Proto</Filter>
    </ClCompile>
    <ClCompile Include="Src\Proto\quick-start.pb.cc">
      <Filter>Src\Proto</Filter>
    </ClCompile>
  </ItemGroup>
  <ItemGroup>
    <ClInclude Include="Src\Proto\quick-start.pb.h">
      <Filter>Src\Proto</Filter>
    </ClInclude>
    <ClInclude Include="Src\Proto\quick-start.grpc.pb.h">
      <Filter>Src\Proto</Filter>
    </ClInclude>
  </ItemGroup>
</Project>