<?xml version="1.0" encoding="utf-8"?>
<Project ToolsVersion="4.0" xmlns="http://schemas.microsoft.com/developer/msbuild/2003">
  <ItemGroup>
    <Filter Include="Src">
      <UniqueIdentifier>{8b84748e-9dec-45e3-9d22-2e6b2f61d84c}</UniqueIdentifier>
    </Filter>
    <Filter Include="common">
      <UniqueIdentifier>{d89c48c2-df56-4178-a47e-61ae50f05626}</UniqueIdentifier>
    </Filter>
    <Filter Include="common\protocpp">
      <UniqueIdentifier>{d130b101-fe76-4346-82fb-99044ad3d6ac}</UniqueIdentifier>
    </Filter>
  </ItemGroup>
  <ItemGroup>
    <ClCompile Include="Src\server.cpp">
      <Filter>Src</Filter>
    </ClCompile>
  </ItemGroup>
</Project>