
Microsoft Visual Studio Solution File, Format Version 12.00
# Visual Studio Version 17
VisualStudioVersion = 17.2.32616.157
MinimumVisualStudioVersion = 10.0.40219.1
Project("{8BC9CEB8-8B4A-11D0-8D11-00A0C91BC942}") = "client", "client\client.vcxproj", "{017EE470-F76B-4335-8520-90B873EC2161}"
EndProject
Project("{8BC9CEB8-8B4A-11D0-8D11-00A0C91BC942}") = "server", "server\server.vcxproj", "{63635A43-585E-4F32-8EF1-B509369D6F02}"
EndProject
Project("{2150E333-8FDC-42A3-9474-1A3956D46DE8}") = "proto", "proto", "{991BCD4D-343B-4D0A-B7C6-04BA1A2A009F}"
	ProjectSection(SolutionItems) = preProject
		proto\asset-hotreload.proto = proto\asset-hotreload.proto
	EndProjectSection
EndProject
Project("{2150E333-8FDC-42A3-9474-1A3956D46DE8}") = "ソリューション項目", "ソリューション項目", "{0C598269-BD4C-445D-BE07-2A739F1D9F21}"
	ProjectSection(SolutionItems) = preProject
		common.props = common.props
	EndProjectSection
EndProject
Project("{2150E333-8FDC-42A3-9474-1A3956D46DE8}") = "common", "common", "{4E7A7297-B422-403F-87DF-B91E9A5170AA}"
	ProjectSection(SolutionItems) = preProject
		common\common.h = common\common.h
	EndProjectSection
EndProject
Project("{2150E333-8FDC-42A3-9474-1A3956D46DE8}") = "asset", "asset", "{A34E1BD4-DD9B-4D52-9655-BC8BC714A90D}"
EndProject
Project("{2150E333-8FDC-42A3-9474-1A3956D46DE8}") = "json", "json", "{9DAF9128-3398-42C2-B0BF-872FD8156D33}"
	ProjectSection(SolutionItems) = preProject
		asset\json\asset.json = asset\json\asset.json
		asset\json\test.json = asset\json\test.json
	EndProjectSection
EndProject
Global
	GlobalSection(SolutionConfigurationPlatforms) = preSolution
		Debug|x64 = Debug|x64
		Debug|x86 = Debug|x86
		Release|x64 = Release|x64
		Release|x86 = Release|x86
	EndGlobalSection
	GlobalSection(ProjectConfigurationPlatforms) = postSolution
		{017EE470-F76B-4335-8520-90B873EC2161}.Debug|x64.ActiveCfg = Debug|x64
		{017EE470-F76B-4335-8520-90B873EC2161}.Debug|x64.Build.0 = Debug|x64
		{017EE470-F76B-4335-8520-90B873EC2161}.Debug|x86.ActiveCfg = Debug|Win32
		{017EE470-F76B-4335-8520-90B873EC2161}.Debug|x86.Build.0 = Debug|Win32
		{017EE470-F76B-4335-8520-90B873EC2161}.Release|x64.ActiveCfg = Release|x64
		{017EE470-F76B-4335-8520-90B873EC2161}.Release|x64.Build.0 = Release|x64
		{017EE470-F76B-4335-8520-90B873EC2161}.Release|x86.ActiveCfg = Release|Win32
		{017EE470-F76B-4335-8520-90B873EC2161}.Release|x86.Build.0 = Release|Win32
		{63635A43-585E-4F32-8EF1-B509369D6F02}.Debug|x64.ActiveCfg = Debug|x64
		{63635A43-585E-4F32-8EF1-B509369D6F02}.Debug|x64.Build.0 = Debug|x64
		{63635A43-585E-4F32-8EF1-B509369D6F02}.Debug|x86.ActiveCfg = Debug|Win32
		{63635A43-585E-4F32-8EF1-B509369D6F02}.Debug|x86.Build.0 = Debug|Win32
		{63635A43-585E-4F32-8EF1-B509369D6F02}.Release|x64.ActiveCfg = Release|x64
		{63635A43-585E-4F32-8EF1-B509369D6F02}.Release|x64.Build.0 = Release|x64
		{63635A43-585E-4F32-8EF1-B509369D6F02}.Release|x86.ActiveCfg = Release|Win32
		{63635A43-585E-4F32-8EF1-B509369D6F02}.Release|x86.Build.0 = Release|Win32
	EndGlobalSection
	GlobalSection(SolutionProperties) = preSolution
		HideSolutionNode = FALSE
	EndGlobalSection
	GlobalSection(NestedProjects) = preSolution
		{4E7A7297-B422-403F-87DF-B91E9A5170AA} = {0C598269-BD4C-445D-BE07-2A739F1D9F21}
		{A34E1BD4-DD9B-4D52-9655-BC8BC714A90D} = {0C598269-BD4C-445D-BE07-2A739F1D9F21}
		{9DAF9128-3398-42C2-B0BF-872FD8156D33} = {A34E1BD4-DD9B-4D52-9655-BC8BC714A90D}
	EndGlobalSection
	GlobalSection(ExtensibilityGlobals) = postSolution
		SolutionGuid = {EDDF15E0-A6D1-419C-96EF-E15312823824}
	EndGlobalSection
EndGlobal
