<?xml version="1.0" encoding="utf-8"?>
<Project ToolsVersion="4.0" xmlns="http://schemas.microsoft.com/developer/msbuild/2003">
  <ItemGroup>
    <Filter Include="Src">
      <UniqueIdentifier>{3c384a54-4cb8-440e-9fc4-dea716ccada8}</UniqueIdentifier>
    </Filter>
    <Filter Include="Src\Proto">
      <UniqueIdentifier>{073c6571-c5f1-433d-a922-bcb7b5c9209f}</UniqueIdentifier>
    </Filter>
    <Filter Include="Library">
      <UniqueIdentifier>{025d813f-5c54-4b13-811f-41209025e24a}</UniqueIdentifier>
    </Filter>
  </ItemGroup>
  <ItemGroup>
    <ClCompile Include="Src\client.cpp">
      <Filter>Src</Filter>
    </ClCompile>
    <ClCompile Include="Src\Proto\uid-manager.pb.cc">
      <Filter>Src\Proto</Filter>
    </ClCompile>
    <ClCompile Include="Src\Proto\uid-manager.grpc.pb.cc">
      <Filter>Src\Proto</Filter>
    </ClCompile>
    <ClCompile Include="..\common\uid-manager.cpp">
      <Filter>Library</Filter>
    </ClCompile>
  </ItemGroup>
  <ItemGroup>
    <ClInclude Include="Src\Proto\uid-manager.pb.h">
      <Filter>Src\Proto</Filter>
    </ClInclude>
    <ClInclude Include="Src\Proto\uid-manager.grpc.pb.h">
      <Filter>Src\Proto</Filter>
    </ClInclude>
    <ClInclude Include="..\common\uid-manager.h">
      <Filter>Library</Filter>
    </ClInclude>
    <ClInclude Include="..\common\uid-pool.h">
      <Filter>Library</Filter>
    </ClInclude>
    <ClInclude Include="..\common\common.h">
      <Filter>Library</Filter>
    </ClInclude>
    <ClInclude Include="Src\client.h">
      <Filter>Src</Filter>
    </ClInclude>
  </ItemGroup>
</Project>